
Microsoft Visual Studio Solution File, Format Version 12.00
# Visual Studio Version 17
Project("{2150E333-8FDC-42A3-9474-1A3956D46DE8}") = "CMakePredefinedTargets", "CMakePredefinedTargets", "{E225D17D-D160-3E89-A368-2A133616751A}"
EndProject
Project("{2150E333-8FDC-42A3-9474-1A3956D46DE8}") = "GLFW3", "GLFW3", "{6FD3807F-114E-3EE7-A800-0840C8188971}"
EndProject
Project("{2150E333-8FDC-42A3-9474-1A3956D46DE8}") = "Examples", "GLFW3\Examples", "{7F242CAC-BE23-3377-9D1C-B8EBA5F12393}"
EndProject
Project("{2150E333-8FDC-42A3-9474-1A3956D46DE8}") = "Tests", "GLFW3\Tests", "{5E2739A5-6958-35CE-A40A-BBCA3A3F5F99}"
EndProject
Project("{8BC9CEB8-8B4A-11D0-8D11-00A0C91BC942}") = "ALL_BUILD", "ALL_BUILD.vcxproj", "{1A98A55F-2D44-3E2B-B4D4-7B7AB97B3B1D}"
	ProjectSection(ProjectDependencies) = postProject
		{A193BC8C-364A-3AC4-9CBC-CB26D3A72274} = {A193BC8C-364A-3AC4-9CBC-CB26D3A72274}
		{253D0EAE-92F6-3EA8-B0BE-6D4AD3C44A03} = {253D0EAE-92F6-3EA8-B0BE-6D4AD3C44A03}
		{6E38497B-E968-357B-BEE7-B55ABB852730} = {6E38497B-E968-357B-BEE7-B55ABB852730}
		{F233D6FD-44F5-3389-A641-C4B0F7466829} = {F233D6FD-44F5-3389-A641-C4B0F7466829}
		{20CFAB9B-D285-3D46-8791-2F408C45937B} = {20CFAB9B-D285-3D46-8791-2F408C45937B}
		{B469CFA1-515D-3043-8AD9-0664BC323089} = {B469CFA1-515D-3043-8AD9-0664BC323089}
		{E6F9E89F-4F26-3120-A2BE-DCB6D809D95F} = {E6F9E89F-4F26-3120-A2BE-DCB6D809D95F}
		{B2E94C7F-8AB2-3FE5-8824-891AA937601D} = {B2E94C7F-8AB2-3FE5-8824-891AA937601D}
		{951F026C-531B-3FCA-842A-275143986AA9} = {951F026C-531B-3FCA-842A-275143986AA9}
		{5CDD18D0-2FD8-3B6F-89A9-0AE5724CF346} = {5CDD18D0-2FD8-3B6F-89A9-0AE5724CF346}
		{5C307996-ABDA-3981-A58F-13554112AB57} = {5C307996-ABDA-3981-A58F-13554112AB57}
		{BD66CD10-130F-3FDC-AD79-543AEBB51ED1} = {BD66CD10-130F-3FDC-AD79-543AEBB51ED1}
		{0891E1C9-1FCB-3EA5-9FA9-D1F799D35A38} = {0891E1C9-1FCB-3EA5-9FA9-D1F799D35A38}
		{D1645310-3EFC-3234-8986-DEC548218AA9} = {D1645310-3EFC-3234-8986-DEC548218AA9}
		{86F87BD6-311C-3C27-BEED-5E47F4B0A398} = {86F87BD6-311C-3C27-BEED-5E47F4B0A398}
		{16B0CFB0-74EA-3895-A0D9-FFFACD2C2044} = {16B0CFB0-74EA-3895-A0D9-FFFACD2C2044}
		{94D9B58C-D331-3B48-B2D2-64C38DF5A839} = {94D9B58C-D331-3B48-B2D2-64C38DF5A839}
		{7F98BFAC-A65D-3026-9554-0DFB66D6E25E} = {7F98BFAC-A65D-3026-9554-0DFB66D6E25E}
		{453E3A49-CB6B-3329-8C0B-70E544ED6750} = {453E3A49-CB6B-3329-8C0B-70E544ED6750}
		{1BCCDDAC-7741-33EE-A038-E4CECC91F698} = {1BCCDDAC-7741-33EE-A038-E4CECC91F698}
		{08776F2A-FDDC-36E3-9CF1-5F520DDE77F2} = {08776F2A-FDDC-36E3-9CF1-5F520DDE77F2}
		{C2EF94FB-F91A-3FE0-9B34-2C6B24D8399D} = {C2EF94FB-F91A-3FE0-9B34-2C6B24D8399D}
		{545DB601-7D46-3BC6-BF0C-52E63E30C445} = {545DB601-7D46-3BC6-BF0C-52E63E30C445}
		{6BDEAB18-7CB4-38E7-B50D-087680FF42E0} = {6BDEAB18-7CB4-38E7-B50D-087680FF42E0}
		{163FB5CA-E979-3F35-A19C-7E9A6A01A72F} = {163FB5CA-E979-3F35-A19C-7E9A6A01A72F}
		{BEB98A92-458B-3F83-B95C-3E6BFA046A6D} = {BEB98A92-458B-3F83-B95C-3E6BFA046A6D}
		{4BE21276-03C7-33B7-BCF1-19ADF24732C3} = {4BE21276-03C7-33B7-BCF1-19ADF24732C3}
		{5B82C22B-3E1C-3DBD-BF2C-B97B5675BBC2} = {5B82C22B-3E1C-3DBD-BF2C-B97B5675BBC2}
		{A28D7B3A-5A2F-37C3-AC53-1FAF6A26BC81} = {A28D7B3A-5A2F-37C3-AC53-1FAF6A26BC81}
		{AFEDC60F-958B-3C88-AEC4-1A2077BEAA6E} = {AFEDC60F-958B-3C88-AEC4-1A2077BEAA6E}
		{05F533C6-A717-39FD-BB7E-5923C21A8146} = {05F533C6-A717-39FD-BB7E-5923C21A8146}
	EndProjectSection
EndProject
Project("{8BC9CEB8-8B4A-11D0-8D11-00A0C91BC942}") = "INSTALL", "INSTALL.vcxproj", "{76FCABEE-B6BC-3976-B922-3EA897E542B4}"
	ProjectSection(ProjectDependencies) = postProject
		{1A98A55F-2D44-3E2B-B4D4-7B7AB97B3B1D} = {1A98A55F-2D44-3E2B-B4D4-7B7AB97B3B1D}
		{A193BC8C-364A-3AC4-9CBC-CB26D3A72274} = {A193BC8C-364A-3AC4-9CBC-CB26D3A72274}
	EndProjectSection
EndProject
Project("{8BC9CEB8-8B4A-11D0-8D11-00A0C91BC942}") = "ZERO_CHECK", "ZERO_CHECK.vcxproj", "{A193BC8C-364A-3AC4-9CBC-CB26D3A72274}"
	ProjectSection(ProjectDependencies) = postProject
	EndProjectSection
EndProject
Project("{8BC9CEB8-8B4A-11D0-8D11-00A0C91BC942}") = "boing", "examples\boing.vcxproj", "{253D0EAE-92F6-3EA8-B0BE-6D4AD3C44A03}"
	ProjectSection(ProjectDependencies) = postProject
		{A193BC8C-364A-3AC4-9CBC-CB26D3A72274} = {A193BC8C-364A-3AC4-9CBC-CB26D3A72274}
		{951F026C-531B-3FCA-842A-275143986AA9} = {951F026C-531B-3FCA-842A-275143986AA9}
	EndProjectSection
EndProject
Project("{8BC9CEB8-8B4A-11D0-8D11-00A0C91BC942}") = "clipboard", "tests\clipboard.vcxproj", "{6E38497B-E968-357B-BEE7-B55ABB852730}"
	ProjectSection(ProjectDependencies) = postProject
		{A193BC8C-364A-3AC4-9CBC-CB26D3A72274} = {A193BC8C-364A-3AC4-9CBC-CB26D3A72274}
		{951F026C-531B-3FCA-842A-275143986AA9} = {951F026C-531B-3FCA-842A-275143986AA9}
	EndProjectSection
EndProject
Project("{8BC9CEB8-8B4A-11D0-8D11-00A0C91BC942}") = "cursor", "tests\cursor.vcxproj", "{F233D6FD-44F5-3389-A641-C4B0F7466829}"
	ProjectSection(ProjectDependencies) = postProject
		{A193BC8C-364A-3AC4-9CBC-CB26D3A72274} = {A193BC8C-364A-3AC4-9CBC-CB26D3A72274}
		{951F026C-531B-3FCA-842A-275143986AA9} = {951F026C-531B-3FCA-842A-275143986AA9}
	EndProjectSection
EndProject
Project("{8BC9CEB8-8B4A-11D0-8D11-00A0C91BC942}") = "empty", "tests\empty.vcxproj", "{20CFAB9B-D285-3D46-8791-2F408C45937B}"
	ProjectSection(ProjectDependencies) = postProject
		{A193BC8C-364A-3AC4-9CBC-CB26D3A72274} = {A193BC8C-364A-3AC4-9CBC-CB26D3A72274}
		{951F026C-531B-3FCA-842A-275143986AA9} = {951F026C-531B-3FCA-842A-275143986AA9}
	EndProjectSection
EndProject
Project("{8BC9CEB8-8B4A-11D0-8D11-00A0C91BC942}") = "events", "tests\events.vcxproj", "{B469CFA1-515D-3043-8AD9-0664BC323089}"
	ProjectSection(ProjectDependencies) = postProject
		{A193BC8C-364A-3AC4-9CBC-CB26D3A72274} = {A193BC8C-364A-3AC4-9CBC-CB26D3A72274}
		{951F026C-531B-3FCA-842A-275143986AA9} = {951F026C-531B-3FCA-842A-275143986AA9}
	EndProjectSection
EndProject
Project("{8BC9CEB8-8B4A-11D0-8D11-00A0C91BC942}") = "gamma", "tests\gamma.vcxproj", "{E6F9E89F-4F26-3120-A2BE-DCB6D809D95F}"
	ProjectSection(ProjectDependencies) = postProject
		{A193BC8C-364A-3AC4-9CBC-CB26D3A72274} = {A193BC8C-364A-3AC4-9CBC-CB26D3A72274}
		{951F026C-531B-3FCA-842A-275143986AA9} = {951F026C-531B-3FCA-842A-275143986AA9}
	EndProjectSection
EndProject
Project("{8BC9CEB8-8B4A-11D0-8D11-00A0C91BC942}") = "gears", "examples\gears.vcxproj", "{B2E94C7F-8AB2-3FE5-8824-891AA937601D}"
	ProjectSection(ProjectDependencies) = postProject
		{A193BC8C-364A-3AC4-9CBC-CB26D3A72274} = {A193BC8C-364A-3AC4-9CBC-CB26D3A72274}
		{951F026C-531B-3FCA-842A-275143986AA9} = {951F026C-531B-3FCA-842A-275143986AA9}
	EndProjectSection
EndProject
Project("{8BC9CEB8-8B4A-11D0-8D11-00A0C91BC942}") = "glfw", "src\glfw.vcxproj", "{951F026C-531B-3FCA-842A-275143986AA9}"
	ProjectSection(ProjectDependencies) = postProject
		{A193BC8C-364A-3AC4-9CBC-CB26D3A72274} = {A193BC8C-364A-3AC4-9CBC-CB26D3A72274}
	EndProjectSection
EndProject
Project("{8BC9CEB8-8B4A-11D0-8D11-00A0C91BC942}") = "glfwinfo", "tests\glfwinfo.vcxproj", "{5CDD18D0-2FD8-3B6F-89A9-0AE5724CF346}"
	ProjectSection(ProjectDependencies) = postProject
		{A193BC8C-364A-3AC4-9CBC-CB26D3A72274} = {A193BC8C-364A-3AC4-9CBC-CB26D3A72274}
		{951F026C-531B-3FCA-842A-275143986AA9} = {951F026C-531B-3FCA-842A-275143986AA9}
	EndProjectSection
EndProject
Project("{8BC9CEB8-8B4A-11D0-8D11-00A0C91BC942}") = "heightmap", "examples\heightmap.vcxproj", "{5C307996-ABDA-3981-A58F-13554112AB57}"
	ProjectSection(ProjectDependencies) = postProject
		{A193BC8C-364A-3AC4-9CBC-CB26D3A72274} = {A193BC8C-364A-3AC4-9CBC-CB26D3A72274}
		{951F026C-531B-3FCA-842A-275143986AA9} = {951F026C-531B-3FCA-842A-275143986AA9}
	EndProjectSection
EndProject
Project("{8BC9CEB8-8B4A-11D0-8D11-00A0C91BC942}") = "icon", "tests\icon.vcxproj", "{BD66CD10-130F-3FDC-AD79-543AEBB51ED1}"
	ProjectSection(ProjectDependencies) = postProject
		{A193BC8C-364A-3AC4-9CBC-CB26D3A72274} = {A193BC8C-364A-3AC4-9CBC-CB26D3A72274}
		{951F026C-531B-3FCA-842A-275143986AA9} = {951F026C-531B-3FCA-842A-275143986AA9}
	EndProjectSection
EndProject
Project("{8BC9CEB8-8B4A-11D0-8D11-00A0C91BC942}") = "iconify", "tests\iconify.vcxproj", "{0891E1C9-1FCB-3EA5-9FA9-D1F799D35A38}"
	ProjectSection(ProjectDependencies) = postProject
		{A193BC8C-364A-3AC4-9CBC-CB26D3A72274} = {A193BC8C-364A-3AC4-9CBC-CB26D3A72274}
		{951F026C-531B-3FCA-842A-275143986AA9} = {951F026C-531B-3FCA-842A-275143986AA9}
	EndProjectSection
EndProject
Project("{8BC9CEB8-8B4A-11D0-8D11-00A0C91BC942}") = "inputlag", "tests\inputlag.vcxproj", "{D1645310-3EFC-3234-8986-DEC548218AA9}"
	ProjectSection(ProjectDependencies) = postProject
		{A193BC8C-364A-3AC4-9CBC-CB26D3A72274} = {A193BC8C-364A-3AC4-9CBC-CB26D3A72274}
		{951F026C-531B-3FCA-842A-275143986AA9} = {951F026C-531B-3FCA-842A-275143986AA9}
	EndProjectSection
EndProject
Project("{8BC9CEB8-8B4A-11D0-8D11-00A0C91BC942}") = "joysticks", "tests\joysticks.vcxproj", "{86F87BD6-311C-3C27-BEED-5E47F4B0A398}"
	ProjectSection(ProjectDependencies) = postProject
		{A193BC8C-364A-3AC4-9CBC-CB26D3A72274} = {A193BC8C-364A-3AC4-9CBC-CB26D3A72274}
		{951F026C-531B-3FCA-842A-275143986AA9} = {951F026C-531B-3FCA-842A-275143986AA9}
	EndProjectSection
EndProject
Project("{8BC9CEB8-8B4A-11D0-8D11-00A0C91BC942}") = "monitors", "tests\monitors.vcxproj", "{16B0CFB0-74EA-3895-A0D9-FFFACD2C2044}"
	ProjectSection(ProjectDependencies) = postProject
		{A193BC8C-364A-3AC4-9CBC-CB26D3A72274} = {A193BC8C-364A-3AC4-9CBC-CB26D3A72274}
		{951F026C-531B-3FCA-842A-275143986AA9} = {951F026C-531B-3FCA-842A-275143986AA9}
	EndProjectSection
EndProject
Project("{8BC9CEB8-8B4A-11D0-8D11-00A0C91BC942}") = "msaa", "tests\msaa.vcxproj", "{94D9B58C-D331-3B48-B2D2-64C38DF5A839}"
	ProjectSection(ProjectDependencies) = postProject
		{A193BC8C-364A-3AC4-9CBC-CB26D3A72274} = {A193BC8C-364A-3AC4-9CBC-CB26D3A72274}
		{951F026C-531B-3FCA-842A-275143986AA9} = {951F026C-531B-3FCA-842A-275143986AA9}
	EndProjectSection
EndProject
Project("{8BC9CEB8-8B4A-11D0-8D11-00A0C91BC942}") = "offscreen", "examples\offscreen.vcxproj", "{7F98BFAC-A65D-3026-9554-0DFB66D6E25E}"
	ProjectSection(ProjectDependencies) = postProject
		{A193BC8C-364A-3AC4-9CBC-CB26D3A72274} = {A193BC8C-364A-3AC4-9CBC-CB26D3A72274}
		{951F026C-531B-3FCA-842A-275143986AA9} = {951F026C-531B-3FCA-842A-275143986AA9}
	EndProjectSection
EndProject
Project("{8BC9CEB8-8B4A-11D0-8D11-00A0C91BC942}") = "opacity", "tests\opacity.vcxproj", "{453E3A49-CB6B-3329-8C0B-70E544ED6750}"
	ProjectSection(ProjectDependencies) = postProject
		{A193BC8C-364A-3AC4-9CBC-CB26D3A72274} = {A193BC8C-364A-3AC4-9CBC-CB26D3A72274}
		{951F026C-531B-3FCA-842A-275143986AA9} = {951F026C-531B-3FCA-842A-275143986AA9}
	EndProjectSection
EndProject
Project("{8BC9CEB8-8B4A-11D0-8D11-00A0C91BC942}") = "particles", "examples\particles.vcxproj", "{1BCCDDAC-7741-33EE-A038-E4CECC91F698}"
	ProjectSection(ProjectDependencies) = postProject
		{A193BC8C-364A-3AC4-9CBC-CB26D3A72274} = {A193BC8C-364A-3AC4-9CBC-CB26D3A72274}
		{951F026C-531B-3FCA-842A-275143986AA9} = {951F026C-531B-3FCA-842A-275143986AA9}
	EndProjectSection
EndProject
Project("{8BC9CEB8-8B4A-11D0-8D11-00A0C91BC942}") = "reopen", "tests\reopen.vcxproj", "{08776F2A-FDDC-36E3-9CF1-5F520DDE77F2}"
	ProjectSection(ProjectDependencies) = postProject
		{A193BC8C-364A-3AC4-9CBC-CB26D3A72274} = {A193BC8C-364A-3AC4-9CBC-CB26D3A72274}
		{951F026C-531B-3FCA-842A-275143986AA9} = {951F026C-531B-3FCA-842A-275143986AA9}
	EndProjectSection
EndProject
Project("{8BC9CEB8-8B4A-11D0-8D11-00A0C91BC942}") = "sharing", "examples\sharing.vcxproj", "{C2EF94FB-F91A-3FE0-9B34-2C6B24D8399D}"
	ProjectSection(ProjectDependencies) = postProject
		{A193BC8C-364A-3AC4-9CBC-CB26D3A72274} = {A193BC8C-364A-3AC4-9CBC-CB26D3A72274}
		{951F026C-531B-3FCA-842A-275143986AA9} = {951F026C-531B-3FCA-842A-275143986AA9}
	EndProjectSection
EndProject
Project("{8BC9CEB8-8B4A-11D0-8D11-00A0C91BC942}") = "simple", "examples\simple.vcxproj", "{545DB601-7D46-3BC6-BF0C-52E63E30C445}"
	ProjectSection(ProjectDependencies) = postProject
		{A193BC8C-364A-3AC4-9CBC-CB26D3A72274} = {A193BC8C-364A-3AC4-9CBC-CB26D3A72274}
		{951F026C-531B-3FCA-842A-275143986AA9} = {951F026C-531B-3FCA-842A-275143986AA9}
	EndProjectSection
EndProject
Project("{8BC9CEB8-8B4A-11D0-8D11-00A0C91BC942}") = "splitview", "examples\splitview.vcxproj", "{6BDEAB18-7CB4-38E7-B50D-087680FF42E0}"
	ProjectSection(ProjectDependencies) = postProject
		{A193BC8C-364A-3AC4-9CBC-CB26D3A72274} = {A193BC8C-364A-3AC4-9CBC-CB26D3A72274}
		{951F026C-531B-3FCA-842A-275143986AA9} = {951F026C-531B-3FCA-842A-275143986AA9}
	EndProjectSection
EndProject
Project("{8BC9CEB8-8B4A-11D0-8D11-00A0C91BC942}") = "tearing", "tests\tearing.vcxproj", "{163FB5CA-E979-3F35-A19C-7E9A6A01A72F}"
	ProjectSection(ProjectDependencies) = postProject
		{A193BC8C-364A-3AC4-9CBC-CB26D3A72274} = {A193BC8C-364A-3AC4-9CBC-CB26D3A72274}
		{951F026C-531B-3FCA-842A-275143986AA9} = {951F026C-531B-3FCA-842A-275143986AA9}
	EndProjectSection
EndProject
Project("{8BC9CEB8-8B4A-11D0-8D11-00A0C91BC942}") = "threads", "tests\threads.vcxproj", "{BEB98A92-458B-3F83-B95C-3E6BFA046A6D}"
	ProjectSection(ProjectDependencies) = postProject
		{A193BC8C-364A-3AC4-9CBC-CB26D3A72274} = {A193BC8C-364A-3AC4-9CBC-CB26D3A72274}
		{951F026C-531B-3FCA-842A-275143986AA9} = {951F026C-531B-3FCA-842A-275143986AA9}
	EndProjectSection
EndProject
Project("{8BC9CEB8-8B4A-11D0-8D11-00A0C91BC942}") = "timeout", "tests\timeout.vcxproj", "{4BE21276-03C7-33B7-BCF1-19ADF24732C3}"
	ProjectSection(ProjectDependencies) = postProject
		{A193BC8C-364A-3AC4-9CBC-CB26D3A72274} = {A193BC8C-364A-3AC4-9CBC-CB26D3A72274}
		{951F026C-531B-3FCA-842A-275143986AA9} = {951F026C-531B-3FCA-842A-275143986AA9}
	EndProjectSection
EndProject
Project("{8BC9CEB8-8B4A-11D0-8D11-00A0C91BC942}") = "title", "tests\title.vcxproj", "{5B82C22B-3E1C-3DBD-BF2C-B97B5675BBC2}"
	ProjectSection(ProjectDependencies) = postProject
		{A193BC8C-364A-3AC4-9CBC-CB26D3A72274} = {A193BC8C-364A-3AC4-9CBC-CB26D3A72274}
		{951F026C-531B-3FCA-842A-275143986AA9} = {951F026C-531B-3FCA-842A-275143986AA9}
	EndProjectSection
EndProject
Project("{8BC9CEB8-8B4A-11D0-8D11-00A0C91BC942}") = "triangle-vulkan", "tests\triangle-vulkan.vcxproj", "{A28D7B3A-5A2F-37C3-AC53-1FAF6A26BC81}"
	ProjectSection(ProjectDependencies) = postProject
		{A193BC8C-364A-3AC4-9CBC-CB26D3A72274} = {A193BC8C-364A-3AC4-9CBC-CB26D3A72274}
		{951F026C-531B-3FCA-842A-275143986AA9} = {951F026C-531B-3FCA-842A-275143986AA9}
	EndProjectSection
EndProject
Project("{8BC9CEB8-8B4A-11D0-8D11-00A0C91BC942}") = "uninstall", "uninstall.vcxproj", "{3E7716FA-2281-3BD6-9A4F-285419A711F6}"
	ProjectSection(ProjectDependencies) = postProject
		{A193BC8C-364A-3AC4-9CBC-CB26D3A72274} = {A193BC8C-364A-3AC4-9CBC-CB26D3A72274}
	EndProjectSection
EndProject
Project("{8BC9CEB8-8B4A-11D0-8D11-00A0C91BC942}") = "update_mappings", "src\update_mappings.vcxproj", "{40DEC51F-7FCE-3F66-AD3C-CA3EECF19772}"
	ProjectSection(ProjectDependencies) = postProject
		{A193BC8C-364A-3AC4-9CBC-CB26D3A72274} = {A193BC8C-364A-3AC4-9CBC-CB26D3A72274}
	EndProjectSection
EndProject
Project("{8BC9CEB8-8B4A-11D0-8D11-00A0C91BC942}") = "wave", "examples\wave.vcxproj", "{AFEDC60F-958B-3C88-AEC4-1A2077BEAA6E}"
	ProjectSection(ProjectDependencies) = postProject
		{A193BC8C-364A-3AC4-9CBC-CB26D3A72274} = {A193BC8C-364A-3AC4-9CBC-CB26D3A72274}
		{951F026C-531B-3FCA-842A-275143986AA9} = {951F026C-531B-3FCA-842A-275143986AA9}
	EndProjectSection
EndProject
Project("{8BC9CEB8-8B4A-11D0-8D11-00A0C91BC942}") = "windows", "tests\windows.vcxproj", "{05F533C6-A717-39FD-BB7E-5923C21A8146}"
	ProjectSection(ProjectDependencies) = postProject
		{A193BC8C-364A-3AC4-9CBC-CB26D3A72274} = {A193BC8C-364A-3AC4-9CBC-CB26D3A72274}
		{951F026C-531B-3FCA-842A-275143986AA9} = {951F026C-531B-3FCA-842A-275143986AA9}
	EndProjectSection
EndProject
Global
	GlobalSection(SolutionConfigurationPlatforms) = preSolution
		Debug|x64 = Debug|x64
		Release|x64 = Release|x64
		MinSizeRel|x64 = MinSizeRel|x64
		RelWithDebInfo|x64 = RelWithDebInfo|x64
	EndGlobalSection
	GlobalSection(ProjectConfigurationPlatforms) = postSolution
		{1A98A55F-2D44-3E2B-B4D4-7B7AB97B3B1D}.Debug|x64.ActiveCfg = Debug|x64
		{1A98A55F-2D44-3E2B-B4D4-7B7AB97B3B1D}.Debug|x64.Build.0 = Debug|x64
		{1A98A55F-2D44-3E2B-B4D4-7B7AB97B3B1D}.Release|x64.ActiveCfg = Release|x64
		{1A98A55F-2D44-3E2B-B4D4-7B7AB97B3B1D}.Release|x64.Build.0 = Release|x64
		{1A98A55F-2D44-3E2B-B4D4-7B7AB97B3B1D}.MinSizeRel|x64.ActiveCfg = MinSizeRel|x64
		{1A98A55F-2D44-3E2B-B4D4-7B7AB97B3B1D}.MinSizeRel|x64.Build.0 = MinSizeRel|x64
		{1A98A55F-2D44-3E2B-B4D4-7B7AB97B3B1D}.RelWithDebInfo|x64.ActiveCfg = RelWithDebInfo|x64
		{1A98A55F-2D44-3E2B-B4D4-7B7AB97B3B1D}.RelWithDebInfo|x64.Build.0 = RelWithDebInfo|x64
		{76FCABEE-B6BC-3976-B922-3EA897E542B4}.Debug|x64.ActiveCfg = Debug|x64
		{76FCABEE-B6BC-3976-B922-3EA897E542B4}.Release|x64.ActiveCfg = Release|x64
		{76FCABEE-B6BC-3976-B922-3EA897E542B4}.MinSizeRel|x64.ActiveCfg = MinSizeRel|x64
		{76FCABEE-B6BC-3976-B922-3EA897E542B4}.RelWithDebInfo|x64.ActiveCfg = RelWithDebInfo|x64
		{A193BC8C-364A-3AC4-9CBC-CB26D3A72274}.Debug|x64.ActiveCfg = Debug|x64
		{A193BC8C-364A-3AC4-9CBC-CB26D3A72274}.Debug|x64.Build.0 = Debug|x64
		{A193BC8C-364A-3AC4-9CBC-CB26D3A72274}.Release|x64.ActiveCfg = Release|x64
		{A193BC8C-364A-3AC4-9CBC-CB26D3A72274}.Release|x64.Build.0 = Release|x64
		{A193BC8C-364A-3AC4-9CBC-CB26D3A72274}.MinSizeRel|x64.ActiveCfg = MinSizeRel|x64
		{A193BC8C-364A-3AC4-9CBC-CB26D3A72274}.MinSizeRel|x64.Build.0 = MinSizeRel|x64
		{A193BC8C-364A-3AC4-9CBC-CB26D3A72274}.RelWithDebInfo|x64.ActiveCfg = RelWithDebInfo|x64
		{A193BC8C-364A-3AC4-9CBC-CB26D3A72274}.RelWithDebInfo|x64.Build.0 = RelWithDebInfo|x64
		{253D0EAE-92F6-3EA8-B0BE-6D4AD3C44A03}.Debug|x64.ActiveCfg = Debug|x64
		{253D0EAE-92F6-3EA8-B0BE-6D4AD3C44A03}.Debug|x64.Build.0 = Debug|x64
		{253D0EAE-92F6-3EA8-B0BE-6D4AD3C44A03}.Release|x64.ActiveCfg = Release|x64
		{253D0EAE-92F6-3EA8-B0BE-6D4AD3C44A03}.Release|x64.Build.0 = Release|x64
		{253D0EAE-92F6-3EA8-B0BE-6D4AD3C44A03}.MinSizeRel|x64.ActiveCfg = MinSizeRel|x64
		{253D0EAE-92F6-3EA8-B0BE-6D4AD3C44A03}.MinSizeRel|x64.Build.0 = MinSizeRel|x64
		{253D0EAE-92F6-3EA8-B0BE-6D4AD3C44A03}.RelWithDebInfo|x64.ActiveCfg = RelWithDebInfo|x64
		{253D0EAE-92F6-3EA8-B0BE-6D4AD3C44A03}.RelWithDebInfo|x64.Build.0 = RelWithDebInfo|x64
		{6E38497B-E968-357B-BEE7-B55ABB852730}.Debug|x64.ActiveCfg = Debug|x64
		{6E38497B-E968-357B-BEE7-B55ABB852730}.Debug|x64.Build.0 = Debug|x64
		{6E38497B-E968-357B-BEE7-B55ABB852730}.Release|x64.ActiveCfg = Release|x64
		{6E38497B-E968-357B-BEE7-B55ABB852730}.Release|x64.Build.0 = Release|x64
		{6E38497B-E968-357B-BEE7-B55ABB852730}.MinSizeRel|x64.ActiveCfg = MinSizeRel|x64
		{6E38497B-E968-357B-BEE7-B55ABB852730}.MinSizeRel|x64.Build.0 = MinSizeRel|x64
		{6E38497B-E968-357B-BEE7-B55ABB852730}.RelWithDebInfo|x64.ActiveCfg = RelWithDebInfo|x64
		{6E38497B-E968-357B-BEE7-B55ABB852730}.RelWithDebInfo|x64.Build.0 = RelWithDebInfo|x64
		{F233D6FD-44F5-3389-A641-C4B0F7466829}.Debug|x64.ActiveCfg = Debug|x64
		{F233D6FD-44F5-3389-A641-C4B0F7466829}.Debug|x64.Build.0 = Debug|x64
		{F233D6FD-44F5-3389-A641-C4B0F7466829}.Release|x64.ActiveCfg = Release|x64
		{F233D6FD-44F5-3389-A641-C4B0F7466829}.Release|x64.Build.0 = Release|x64
		{F233D6FD-44F5-3389-A641-C4B0F7466829}.MinSizeRel|x64.ActiveCfg = MinSizeRel|x64
		{F233D6FD-44F5-3389-A641-C4B0F7466829}.MinSizeRel|x64.Build.0 = MinSizeRel|x64
		{F233D6FD-44F5-3389-A641-C4B0F7466829}.RelWithDebInfo|x64.ActiveCfg = RelWithDebInfo|x64
		{F233D6FD-44F5-3389-A641-C4B0F7466829}.RelWithDebInfo|x64.Build.0 = RelWithDebInfo|x64
		{20CFAB9B-D285-3D46-8791-2F408C45937B}.Debug|x64.ActiveCfg = Debug|x64
		{20CFAB9B-D285-3D46-8791-2F408C45937B}.Debug|x64.Build.0 = Debug|x64
		{20CFAB9B-D285-3D46-8791-2F408C45937B}.Release|x64.ActiveCfg = Release|x64
		{20CFAB9B-D285-3D46-8791-2F408C45937B}.Release|x64.Build.0 = Release|x64
		{20CFAB9B-D285-3D46-8791-2F408C45937B}.MinSizeRel|x64.ActiveCfg = MinSizeRel|x64
		{20CFAB9B-D285-3D46-8791-2F408C45937B}.MinSizeRel|x64.Build.0 = MinSizeRel|x64
		{20CFAB9B-D285-3D46-8791-2F408C45937B}.RelWithDebInfo|x64.ActiveCfg = RelWithDebInfo|x64
		{20CFAB9B-D285-3D46-8791-2F408C45937B}.RelWithDebInfo|x64.Build.0 = RelWithDebInfo|x64
		{B469CFA1-515D-3043-8AD9-0664BC323089}.Debug|x64.ActiveCfg = Debug|x64
		{B469CFA1-515D-3043-8AD9-0664BC323089}.Debug|x64.Build.0 = Debug|x64
		{B469CFA1-515D-3043-8AD9-0664BC323089}.Release|x64.ActiveCfg = Release|x64
		{B469CFA1-515D-3043-8AD9-0664BC323089}.Release|x64.Build.0 = Release|x64
		{B469CFA1-515D-3043-8AD9-0664BC323089}.MinSizeRel|x64.ActiveCfg = MinSizeRel|x64
		{B469CFA1-515D-3043-8AD9-0664BC323089}.MinSizeRel|x64.Build.0 = MinSizeRel|x64
		{B469CFA1-515D-3043-8AD9-0664BC323089}.RelWithDebInfo|x64.ActiveCfg = RelWithDebInfo|x64
		{B469CFA1-515D-3043-8AD9-0664BC323089}.RelWithDebInfo|x64.Build.0 = RelWithDebInfo|x64
		{E6F9E89F-4F26-3120-A2BE-DCB6D809D95F}.Debug|x64.ActiveCfg = Debug|x64
		{E6F9E89F-4F26-3120-A2BE-DCB6D809D95F}.Debug|x64.Build.0 = Debug|x64
		{E6F9E89F-4F26-3120-A2BE-DCB6D809D95F}.Release|x64.ActiveCfg = Release|x64
		{E6F9E89F-4F26-3120-A2BE-DCB6D809D95F}.Release|x64.Build.0 = Release|x64
		{E6F9E89F-4F26-3120-A2BE-DCB6D809D95F}.MinSizeRel|x64.ActiveCfg = MinSizeRel|x64
		{E6F9E89F-4F26-3120-A2BE-DCB6D809D95F}.MinSizeRel|x64.Build.0 = MinSizeRel|x64
		{E6F9E89F-4F26-3120-A2BE-DCB6D809D95F}.RelWithDebInfo|x64.ActiveCfg = RelWithDebInfo|x64
		{E6F9E89F-4F26-3120-A2BE-DCB6D809D95F}.RelWithDebInfo|x64.Build.0 = RelWithDebInfo|x64
		{B2E94C7F-8AB2-3FE5-8824-891AA937601D}.Debug|x64.ActiveCfg = Debug|x64
		{B2E94C7F-8AB2-3FE5-8824-891AA937601D}.Debug|x64.Build.0 = Debug|x64
		{B2E94C7F-8AB2-3FE5-8824-891AA937601D}.Release|x64.ActiveCfg = Release|x64
		{B2E94C7F-8AB2-3FE5-8824-891AA937601D}.Release|x64.Build.0 = Release|x64
		{B2E94C7F-8AB2-3FE5-8824-891AA937601D}.MinSizeRel|x64.ActiveCfg = MinSizeRel|x64
		{B2E94C7F-8AB2-3FE5-8824-891AA937601D}.MinSizeRel|x64.Build.0 = MinSizeRel|x64
		{B2E94C7F-8AB2-3FE5-8824-891AA937601D}.RelWithDebInfo|x64.ActiveCfg = RelWithDebInfo|x64
		{B2E94C7F-8AB2-3FE5-8824-891AA937601D}.RelWithDebInfo|x64.Build.0 = RelWithDebInfo|x64
		{951F026C-531B-3FCA-842A-275143986AA9}.Debug|x64.ActiveCfg = Debug|x64
		{951F026C-531B-3FCA-842A-275143986AA9}.Debug|x64.Build.0 = Debug|x64
		{951F026C-531B-3FCA-842A-275143986AA9}.Release|x64.ActiveCfg = Release|x64
		{951F026C-531B-3FCA-842A-275143986AA9}.Release|x64.Build.0 = Release|x64
		{951F026C-531B-3FCA-842A-275143986AA9}.MinSizeRel|x64.ActiveCfg = MinSizeRel|x64
		{951F026C-531B-3FCA-842A-275143986AA9}.MinSizeRel|x64.Build.0 = MinSizeRel|x64
		{951F026C-531B-3FCA-842A-275143986AA9}.RelWithDebInfo|x64.ActiveCfg = RelWithDebInfo|x64
		{951F026C-531B-3FCA-842A-275143986AA9}.RelWithDebInfo|x64.Build.0 = RelWithDebInfo|x64
		{5CDD18D0-2FD8-3B6F-89A9-0AE5724CF346}.Debug|x64.ActiveCfg = Debug|x64
		{5CDD18D0-2FD8-3B6F-89A9-0AE5724CF346}.Debug|x64.Build.0 = Debug|x64
		{5CDD18D0-2FD8-3B6F-89A9-0AE5724CF346}.Release|x64.ActiveCfg = Release|x64
		{5CDD18D0-2FD8-3B6F-89A9-0AE5724CF346}.Release|x64.Build.0 = Release|x64
		{5CDD18D0-2FD8-3B6F-89A9-0AE5724CF346}.MinSizeRel|x64.ActiveCfg = MinSizeRel|x64
		{5CDD18D0-2FD8-3B6F-89A9-0AE5724CF346}.MinSizeRel|x64.Build.0 = MinSizeRel|x64
		{5CDD18D0-2FD8-3B6F-89A9-0AE5724CF346}.RelWithDebInfo|x64.ActiveCfg = RelWithDebInfo|x64
		{5CDD18D0-2FD8-3B6F-89A9-0AE5724CF346}.RelWithDebInfo|x64.Build.0 = RelWithDebInfo|x64
		{5C307996-ABDA-3981-A58F-13554112AB57}.Debug|x64.ActiveCfg = Debug|x64
		{5C307996-ABDA-3981-A58F-13554112AB57}.Debug|x64.Build.0 = Debug|x64
		{5C307996-ABDA-3981-A58F-13554112AB57}.Release|x64.ActiveCfg = Release|x64
		{5C307996-ABDA-3981-A58F-13554112AB57}.Release|x64.Build.0 = Release|x64
		{5C307996-ABDA-3981-A58F-13554112AB57}.MinSizeRel|x64.ActiveCfg = MinSizeRel|x64
		{5C307996-ABDA-3981-A58F-13554112AB57}.MinSizeRel|x64.Build.0 = MinSizeRel|x64
		{5C307996-ABDA-3981-A58F-13554112AB57}.RelWithDebInfo|x64.ActiveCfg = RelWithDebInfo|x64
		{5C307996-ABDA-3981-A58F-13554112AB57}.RelWithDebInfo|x64.Build.0 = RelWithDebInfo|x64
		{BD66CD10-130F-3FDC-AD79-543AEBB51ED1}.Debug|x64.ActiveCfg = Debug|x64
		{BD66CD10-130F-3FDC-AD79-543AEBB51ED1}.Debug|x64.Build.0 = Debug|x64
		{BD66CD10-130F-3FDC-AD79-543AEBB51ED1}.Release|x64.ActiveCfg = Release|x64
		{BD66CD10-130F-3FDC-AD79-543AEBB51ED1}.Release|x64.Build.0 = Release|x64
		{BD66CD10-130F-3FDC-AD79-543AEBB51ED1}.MinSizeRel|x64.ActiveCfg = MinSizeRel|x64
		{BD66CD10-130F-3FDC-AD79-543AEBB51ED1}.MinSizeRel|x64.Build.0 = MinSizeRel|x64
		{BD66CD10-130F-3FDC-AD79-543AEBB51ED1}.RelWithDebInfo|x64.ActiveCfg = RelWithDebInfo|x64
		{BD66CD10-130F-3FDC-AD79-543AEBB51ED1}.RelWithDebInfo|x64.Build.0 = RelWithDebInfo|x64
		{0891E1C9-1FCB-3EA5-9FA9-D1F799D35A38}.Debug|x64.ActiveCfg = Debug|x64
		{0891E1C9-1FCB-3EA5-9FA9-D1F799D35A38}.Debug|x64.Build.0 = Debug|x64
		{0891E1C9-1FCB-3EA5-9FA9-D1F799D35A38}.Release|x64.ActiveCfg = Release|x64
		{0891E1C9-1FCB-3EA5-9FA9-D1F799D35A38}.Release|x64.Build.0 = Release|x64
		{0891E1C9-1FCB-3EA5-9FA9-D1F799D35A38}.MinSizeRel|x64.ActiveCfg = MinSizeRel|x64
		{0891E1C9-1FCB-3EA5-9FA9-D1F799D35A38}.MinSizeRel|x64.Build.0 = MinSizeRel|x64
		{0891E1C9-1FCB-3EA5-9FA9-D1F799D35A38}.RelWithDebInfo|x64.ActiveCfg = RelWithDebInfo|x64
		{0891E1C9-1FCB-3EA5-9FA9-D1F799D35A38}.RelWithDebInfo|x64.Build.0 = RelWithDebInfo|x64
		{D1645310-3EFC-3234-8986-DEC548218AA9}.Debug|x64.ActiveCfg = Debug|x64
		{D1645310-3EFC-3234-8986-DEC548218AA9}.Debug|x64.Build.0 = Debug|x64
		{D1645310-3EFC-3234-8986-DEC548218AA9}.Release|x64.ActiveCfg = Release|x64
		{D1645310-3EFC-3234-8986-DEC548218AA9}.Release|x64.Build.0 = Release|x64
		{D1645310-3EFC-3234-8986-DEC548218AA9}.MinSizeRel|x64.ActiveCfg = MinSizeRel|x64
		{D1645310-3EFC-3234-8986-DEC548218AA9}.MinSizeRel|x64.Build.0 = MinSizeRel|x64
		{D1645310-3EFC-3234-8986-DEC548218AA9}.RelWithDebInfo|x64.ActiveCfg = RelWithDebInfo|x64
		{D1645310-3EFC-3234-8986-DEC548218AA9}.RelWithDebInfo|x64.Build.0 = RelWithDebInfo|x64
		{86F87BD6-311C-3C27-BEED-5E47F4B0A398}.Debug|x64.ActiveCfg = Debug|x64
		{86F87BD6-311C-3C27-BEED-5E47F4B0A398}.Debug|x64.Build.0 = Debug|x64
		{86F87BD6-311C-3C27-BEED-5E47F4B0A398}.Release|x64.ActiveCfg = Release|x64
		{86F87BD6-311C-3C27-BEED-5E47F4B0A398}.Release|x64.Build.0 = Release|x64
		{86F87BD6-311C-3C27-BEED-5E47F4B0A398}.MinSizeRel|x64.ActiveCfg = MinSizeRel|x64
		{86F87BD6-311C-3C27-BEED-5E47F4B0A398}.MinSizeRel|x64.Build.0 = MinSizeRel|x64
		{86F87BD6-311C-3C27-BEED-5E47F4B0A398}.RelWithDebInfo|x64.ActiveCfg = RelWithDebInfo|x64
		{86F87BD6-311C-3C27-BEED-5E47F4B0A398}.RelWithDebInfo|x64.Build.0 = RelWithDebInfo|x64
		{16B0CFB0-74EA-3895-A0D9-FFFACD2C2044}.Debug|x64.ActiveCfg = Debug|x64
		{16B0CFB0-74EA-3895-A0D9-FFFACD2C2044}.Debug|x64.Build.0 = Debug|x64
		{16B0CFB0-74EA-3895-A0D9-FFFACD2C2044}.Release|x64.ActiveCfg = Release|x64
		{16B0CFB0-74EA-3895-A0D9-FFFACD2C2044}.Release|x64.Build.0 = Release|x64
		{16B0CFB0-74EA-3895-A0D9-FFFACD2C2044}.MinSizeRel|x64.ActiveCfg = MinSizeRel|x64
		{16B0CFB0-74EA-3895-A0D9-FFFACD2C2044}.MinSizeRel|x64.Build.0 = MinSizeRel|x64
		{16B0CFB0-74EA-3895-A0D9-FFFACD2C2044}.RelWithDebInfo|x64.ActiveCfg = RelWithDebInfo|x64
		{16B0CFB0-74EA-3895-A0D9-FFFACD2C2044}.RelWithDebInfo|x64.Build.0 = RelWithDebInfo|x64
		{94D9B58C-D331-3B48-B2D2-64C38DF5A839}.Debug|x64.ActiveCfg = Debug|x64
		{94D9B58C-D331-3B48-B2D2-64C38DF5A839}.Debug|x64.Build.0 = Debug|x64
		{94D9B58C-D331-3B48-B2D2-64C38DF5A839}.Release|x64.ActiveCfg = Release|x64
		{94D9B58C-D331-3B48-B2D2-64C38DF5A839}.Release|x64.Build.0 = Release|x64
		{94D9B58C-D331-3B48-B2D2-64C38DF5A839}.MinSizeRel|x64.ActiveCfg = MinSizeRel|x64
		{94D9B58C-D331-3B48-B2D2-64C38DF5A839}.MinSizeRel|x64.Build.0 = MinSizeRel|x64
		{94D9B58C-D331-3B48-B2D2-64C38DF5A839}.RelWithDebInfo|x64.ActiveCfg = RelWithDebInfo|x64
		{94D9B58C-D331-3B48-B2D2-64C38DF5A839}.RelWithDebInfo|x64.Build.0 = RelWithDebInfo|x64
		{7F98BFAC-A65D-3026-9554-0DFB66D6E25E}.Debug|x64.ActiveCfg = Debug|x64
		{7F98BFAC-A65D-3026-9554-0DFB66D6E25E}.Debug|x64.Build.0 = Debug|x64
		{7F98BFAC-A65D-3026-9554-0DFB66D6E25E}.Release|x64.ActiveCfg = Release|x64
		{7F98BFAC-A65D-3026-9554-0DFB66D6E25E}.Release|x64.Build.0 = Release|x64
		{7F98BFAC-A65D-3026-9554-0DFB66D6E25E}.MinSizeRel|x64.ActiveCfg = MinSizeRel|x64
		{7F98BFAC-A65D-3026-9554-0DFB66D6E25E}.MinSizeRel|x64.Build.0 = MinSizeRel|x64
		{7F98BFAC-A65D-3026-9554-0DFB66D6E25E}.RelWithDebInfo|x64.ActiveCfg = RelWithDebInfo|x64
		{7F98BFAC-A65D-3026-9554-0DFB66D6E25E}.RelWithDebInfo|x64.Build.0 = RelWithDebInfo|x64
		{453E3A49-CB6B-3329-8C0B-70E544ED6750}.Debug|x64.ActiveCfg = Debug|x64
		{453E3A49-CB6B-3329-8C0B-70E544ED6750}.Debug|x64.Build.0 = Debug|x64
		{453E3A49-CB6B-3329-8C0B-70E544ED6750}.Release|x64.ActiveCfg = Release|x64
		{453E3A49-CB6B-3329-8C0B-70E544ED6750}.Release|x64.Build.0 = Release|x64
		{453E3A49-CB6B-3329-8C0B-70E544ED6750}.MinSizeRel|x64.ActiveCfg = MinSizeRel|x64
		{453E3A49-CB6B-3329-8C0B-70E544ED6750}.MinSizeRel|x64.Build.0 = MinSizeRel|x64
		{453E3A49-CB6B-3329-8C0B-70E544ED6750}.RelWithDebInfo|x64.ActiveCfg = RelWithDebInfo|x64
		{453E3A49-CB6B-3329-8C0B-70E544ED6750}.RelWithDebInfo|x64.Build.0 = RelWithDebInfo|x64
		{1BCCDDAC-7741-33EE-A038-E4CECC91F698}.Debug|x64.ActiveCfg = Debug|x64
		{1BCCDDAC-7741-33EE-A038-E4CECC91F698}.Debug|x64.Build.0 = Debug|x64
		{1BCCDDAC-7741-33EE-A038-E4CECC91F698}.Release|x64.ActiveCfg = Release|x64
		{1BCCDDAC-7741-33EE-A038-E4CECC91F698}.Release|x64.Build.0 = Release|x64
		{1BCCDDAC-7741-33EE-A038-E4CECC91F698}.MinSizeRel|x64.ActiveCfg = MinSizeRel|x64
		{1BCCDDAC-7741-33EE-A038-E4CECC91F698}.MinSizeRel|x64.Build.0 = MinSizeRel|x64
		{1BCCDDAC-7741-33EE-A038-E4CECC91F698}.RelWithDebInfo|x64.ActiveCfg = RelWithDebInfo|x64
		{1BCCDDAC-7741-33EE-A038-E4CECC91F698}.RelWithDebInfo|x64.Build.0 = RelWithDebInfo|x64
		{08776F2A-FDDC-36E3-9CF1-5F520DDE77F2}.Debug|x64.ActiveCfg = Debug|x64
		{08776F2A-FDDC-36E3-9CF1-5F520DDE77F2}.Debug|x64.Build.0 = Debug|x64
		{08776F2A-FDDC-36E3-9CF1-5F520DDE77F2}.Release|x64.ActiveCfg = Release|x64
		{08776F2A-FDDC-36E3-9CF1-5F520DDE77F2}.Release|x64.Build.0 = Release|x64
		{08776F2A-FDDC-36E3-9CF1-5F520DDE77F2}.MinSizeRel|x64.ActiveCfg = MinSizeRel|x64
		{08776F2A-FDDC-36E3-9CF1-5F520DDE77F2}.MinSizeRel|x64.Build.0 = MinSizeRel|x64
		{08776F2A-FDDC-36E3-9CF1-5F520DDE77F2}.RelWithDebInfo|x64.ActiveCfg = RelWithDebInfo|x64
		{08776F2A-FDDC-36E3-9CF1-5F520DDE77F2}.RelWithDebInfo|x64.Build.0 = RelWithDebInfo|x64
		{C2EF94FB-F91A-3FE0-9B34-2C6B24D8399D}.Debug|x64.ActiveCfg = Debug|x64
		{C2EF94FB-F91A-3FE0-9B34-2C6B24D8399D}.Debug|x64.Build.0 = Debug|x64
		{C2EF94FB-F91A-3FE0-9B34-2C6B24D8399D}.Release|x64.ActiveCfg = Release|x64
		{C2EF94FB-F91A-3FE0-9B34-2C6B24D8399D}.Release|x64.Build.0 = Release|x64
		{C2EF94FB-F91A-3FE0-9B34-2C6B24D8399D}.MinSizeRel|x64.ActiveCfg = MinSizeRel|x64
		{C2EF94FB-F91A-3FE0-9B34-2C6B24D8399D}.MinSizeRel|x64.Build.0 = MinSizeRel|x64
		{C2EF94FB-F91A-3FE0-9B34-2C6B24D8399D}.RelWithDebInfo|x64.ActiveCfg = RelWithDebInfo|x64
		{C2EF94FB-F91A-3FE0-9B34-2C6B24D8399D}.RelWithDebInfo|x64.Build.0 = RelWithDebInfo|x64
		{545DB601-7D46-3BC6-BF0C-52E63E30C445}.Debug|x64.ActiveCfg = Debug|x64
		{545DB601-7D46-3BC6-BF0C-52E63E30C445}.Debug|x64.Build.0 = Debug|x64
		{545DB601-7D46-3BC6-BF0C-52E63E30C445}.Release|x64.ActiveCfg = Release|x64
		{545DB601-7D46-3BC6-BF0C-52E63E30C445}.Release|x64.Build.0 = Release|x64
		{545DB601-7D46-3BC6-BF0C-52E63E30C445}.MinSizeRel|x64.ActiveCfg = MinSizeRel|x64
		{545DB601-7D46-3BC6-BF0C-52E63E30C445}.MinSizeRel|x64.Build.0 = MinSizeRel|x64
		{545DB601-7D46-3BC6-BF0C-52E63E30C445}.RelWithDebInfo|x64.ActiveCfg = RelWithDebInfo|x64
		{545DB601-7D46-3BC6-BF0C-52E63E30C445}.RelWithDebInfo|x64.Build.0 = RelWithDebInfo|x64
		{6BDEAB18-7CB4-38E7-B50D-087680FF42E0}.Debug|x64.ActiveCfg = Debug|x64
		{6BDEAB18-7CB4-38E7-B50D-087680FF42E0}.Debug|x64.Build.0 = Debug|x64
		{6BDEAB18-7CB4-38E7-B50D-087680FF42E0}.Release|x64.ActiveCfg = Release|x64
		{6BDEAB18-7CB4-38E7-B50D-087680FF42E0}.Release|x64.Build.0 = Release|x64
		{6BDEAB18-7CB4-38E7-B50D-087680FF42E0}.MinSizeRel|x64.ActiveCfg = MinSizeRel|x64
		{6BDEAB18-7CB4-38E7-B50D-087680FF42E0}.MinSizeRel|x64.Build.0 = MinSizeRel|x64
		{6BDEAB18-7CB4-38E7-B50D-087680FF42E0}.RelWithDebInfo|x64.ActiveCfg = RelWithDebInfo|x64
		{6BDEAB18-7CB4-38E7-B50D-087680FF42E0}.RelWithDebInfo|x64.Build.0 = RelWithDebInfo|x64
		{163FB5CA-E979-3F35-A19C-7E9A6A01A72F}.Debug|x64.ActiveCfg = Debug|x64
		{163FB5CA-E979-3F35-A19C-7E9A6A01A72F}.Debug|x64.Build.0 = Debug|x64
		{163FB5CA-E979-3F35-A19C-7E9A6A01A72F}.Release|x64.ActiveCfg = Release|x64
		{163FB5CA-E979-3F35-A19C-7E9A6A01A72F}.Release|x64.Build.0 = Release|x64
		{163FB5CA-E979-3F35-A19C-7E9A6A01A72F}.MinSizeRel|x64.ActiveCfg = MinSizeRel|x64
		{163FB5CA-E979-3F35-A19C-7E9A6A01A72F}.MinSizeRel|x64.Build.0 = MinSizeRel|x64
		{163FB5CA-E979-3F35-A19C-7E9A6A01A72F}.RelWithDebInfo|x64.ActiveCfg = RelWithDebInfo|x64
		{163FB5CA-E979-3F35-A19C-7E9A6A01A72F}.RelWithDebInfo|x64.Build.0 = RelWithDebInfo|x64
		{BEB98A92-458B-3F83-B95C-3E6BFA046A6D}.Debug|x64.ActiveCfg = Debug|x64
		{BEB98A92-458B-3F83-B95C-3E6BFA046A6D}.Debug|x64.Build.0 = Debug|x64
		{BEB98A92-458B-3F83-B95C-3E6BFA046A6D}.Release|x64.ActiveCfg = Release|x64
		{BEB98A92-458B-3F83-B95C-3E6BFA046A6D}.Release|x64.Build.0 = Release|x64
		{BEB98A92-458B-3F83-B95C-3E6BFA046A6D}.MinSizeRel|x64.ActiveCfg = MinSizeRel|x64
		{BEB98A92-458B-3F83-B95C-3E6BFA046A6D}.MinSizeRel|x64.Build.0 = MinSizeRel|x64
		{BEB98A92-458B-3F83-B95C-3E6BFA046A6D}.RelWithDebInfo|x64.ActiveCfg = RelWithDebInfo|x64
		{BEB98A92-458B-3F83-B95C-3E6BFA046A6D}.RelWithDebInfo|x64.Build.0 = RelWithDebInfo|x64
		{4BE21276-03C7-33B7-BCF1-19ADF24732C3}.Debug|x64.ActiveCfg = Debug|x64
		{4BE21276-03C7-33B7-BCF1-19ADF24732C3}.Debug|x64.Build.0 = Debug|x64
		{4BE21276-03C7-33B7-BCF1-19ADF24732C3}.Release|x64.ActiveCfg = Release|x64
		{4BE21276-03C7-33B7-BCF1-19ADF24732C3}.Release|x64.Build.0 = Release|x64
		{4BE21276-03C7-33B7-BCF1-19ADF24732C3}.MinSizeRel|x64.ActiveCfg = MinSizeRel|x64
		{4BE21276-03C7-33B7-BCF1-19ADF24732C3}.MinSizeRel|x64.Build.0 = MinSizeRel|x64
		{4BE21276-03C7-33B7-BCF1-19ADF24732C3}.RelWithDebInfo|x64.ActiveCfg = RelWithDebInfo|x64
		{4BE21276-03C7-33B7-BCF1-19ADF24732C3}.RelWithDebInfo|x64.Build.0 = RelWithDebInfo|x64
		{5B82C22B-3E1C-3DBD-BF2C-B97B5675BBC2}.Debug|x64.ActiveCfg = Debug|x64
		{5B82C22B-3E1C-3DBD-BF2C-B97B5675BBC2}.Debug|x64.Build.0 = Debug|x64
		{5B82C22B-3E1C-3DBD-BF2C-B97B5675BBC2}.Release|x64.ActiveCfg = Release|x64
		{5B82C22B-3E1C-3DBD-BF2C-B97B5675BBC2}.Release|x64.Build.0 = Release|x64
		{5B82C22B-3E1C-3DBD-BF2C-B97B5675BBC2}.MinSizeRel|x64.ActiveCfg = MinSizeRel|x64
		{5B82C22B-3E1C-3DBD-BF2C-B97B5675BBC2}.MinSizeRel|x64.Build.0 = MinSizeRel|x64
		{5B82C22B-3E1C-3DBD-BF2C-B97B5675BBC2}.RelWithDebInfo|x64.ActiveCfg = RelWithDebInfo|x64
		{5B82C22B-3E1C-3DBD-BF2C-B97B5675BBC2}.RelWithDebInfo|x64.Build.0 = RelWithDebInfo|x64
		{A28D7B3A-5A2F-37C3-AC53-1FAF6A26BC81}.Debug|x64.ActiveCfg = Debug|x64
		{A28D7B3A-5A2F-37C3-AC53-1FAF6A26BC81}.Debug|x64.Build.0 = Debug|x64
		{A28D7B3A-5A2F-37C3-AC53-1FAF6A26BC81}.Release|x64.ActiveCfg = Release|x64
		{A28D7B3A-5A2F-37C3-AC53-1FAF6A26BC81}.Release|x64.Build.0 = Release|x64
		{A28D7B3A-5A2F-37C3-AC53-1FAF6A26BC81}.MinSizeRel|x64.ActiveCfg = MinSizeRel|x64
		{A28D7B3A-5A2F-37C3-AC53-1FAF6A26BC81}.MinSizeRel|x64.Build.0 = MinSizeRel|x64
		{A28D7B3A-5A2F-37C3-AC53-1FAF6A26BC81}.RelWithDebInfo|x64.ActiveCfg = RelWithDebInfo|x64
		{A28D7B3A-5A2F-37C3-AC53-1FAF6A26BC81}.RelWithDebInfo|x64.Build.0 = RelWithDebInfo|x64
		{3E7716FA-2281-3BD6-9A4F-285419A711F6}.Debug|x64.ActiveCfg = Debug|x64
		{3E7716FA-2281-3BD6-9A4F-285419A711F6}.Release|x64.ActiveCfg = Release|x64
		{3E7716FA-2281-3BD6-9A4F-285419A711F6}.MinSizeRel|x64.ActiveCfg = MinSizeRel|x64
		{3E7716FA-2281-3BD6-9A4F-285419A711F6}.RelWithDebInfo|x64.ActiveCfg = RelWithDebInfo|x64
		{40DEC51F-7FCE-3F66-AD3C-CA3EECF19772}.Debug|x64.ActiveCfg = Debug|x64
		{40DEC51F-7FCE-3F66-AD3C-CA3EECF19772}.Release|x64.ActiveCfg = Release|x64
		{40DEC51F-7FCE-3F66-AD3C-CA3EECF19772}.MinSizeRel|x64.ActiveCfg = MinSizeRel|x64
		{40DEC51F-7FCE-3F66-AD3C-CA3EECF19772}.RelWithDebInfo|x64.ActiveCfg = RelWithDebInfo|x64
		{AFEDC60F-958B-3C88-AEC4-1A2077BEAA6E}.Debug|x64.ActiveCfg = Debug|x64
		{AFEDC60F-958B-3C88-AEC4-1A2077BEAA6E}.Debug|x64.Build.0 = Debug|x64
		{AFEDC60F-958B-3C88-AEC4-1A2077BEAA6E}.Release|x64.ActiveCfg = Release|x64
		{AFEDC60F-958B-3C88-AEC4-1A2077BEAA6E}.Release|x64.Build.0 = Release|x64
		{AFEDC60F-958B-3C88-AEC4-1A2077BEAA6E}.MinSizeRel|x64.ActiveCfg = MinSizeRel|x64
		{AFEDC60F-958B-3C88-AEC4-1A2077BEAA6E}.MinSizeRel|x64.Build.0 = MinSizeRel|x64
		{AFEDC60F-958B-3C88-AEC4-1A2077BEAA6E}.RelWithDebInfo|x64.ActiveCfg = RelWithDebInfo|x64
		{AFEDC60F-958B-3C88-AEC4-1A2077BEAA6E}.RelWithDebInfo|x64.Build.0 = RelWithDebInfo|x64
		{05F533C6-A717-39FD-BB7E-5923C21A8146}.Debug|x64.ActiveCfg = Debug|x64
		{05F533C6-A717-39FD-BB7E-5923C21A8146}.Debug|x64.Build.0 = Debug|x64
		{05F533C6-A717-39FD-BB7E-5923C21A8146}.Release|x64.ActiveCfg = Release|x64
		{05F533C6-A717-39FD-BB7E-5923C21A8146}.Release|x64.Build.0 = Release|x64
		{05F533C6-A717-39FD-BB7E-5923C21A8146}.MinSizeRel|x64.ActiveCfg = MinSizeRel|x64
		{05F533C6-A717-39FD-BB7E-5923C21A8146}.MinSizeRel|x64.Build.0 = MinSizeRel|x64
		{05F533C6-A717-39FD-BB7E-5923C21A8146}.RelWithDebInfo|x64.ActiveCfg = RelWithDebInfo|x64
		{05F533C6-A717-39FD-BB7E-5923C21A8146}.RelWithDebInfo|x64.Build.0 = RelWithDebInfo|x64
	EndGlobalSection
	GlobalSection(NestedProjects) = preSolution
		{1A98A55F-2D44-3E2B-B4D4-7B7AB97B3B1D} = {E225D17D-D160-3E89-A368-2A133616751A}
		{76FCABEE-B6BC-3976-B922-3EA897E542B4} = {E225D17D-D160-3E89-A368-2A133616751A}
		{A193BC8C-364A-3AC4-9CBC-CB26D3A72274} = {E225D17D-D160-3E89-A368-2A133616751A}
		{7F242CAC-BE23-3377-9D1C-B8EBA5F12393} = {6FD3807F-114E-3EE7-A800-0840C8188971}
		{5E2739A5-6958-35CE-A40A-BBCA3A3F5F99} = {6FD3807F-114E-3EE7-A800-0840C8188971}
		{951F026C-531B-3FCA-842A-275143986AA9} = {6FD3807F-114E-3EE7-A800-0840C8188971}
		{3E7716FA-2281-3BD6-9A4F-285419A711F6} = {6FD3807F-114E-3EE7-A800-0840C8188971}
		{40DEC51F-7FCE-3F66-AD3C-CA3EECF19772} = {6FD3807F-114E-3EE7-A800-0840C8188971}
		{253D0EAE-92F6-3EA8-B0BE-6D4AD3C44A03} = {7F242CAC-BE23-3377-9D1C-B8EBA5F12393}
		{B2E94C7F-8AB2-3FE5-8824-891AA937601D} = {7F242CAC-BE23-3377-9D1C-B8EBA5F12393}
		{5C307996-ABDA-3981-A58F-13554112AB57} = {7F242CAC-BE23-3377-9D1C-B8EBA5F12393}
		{7F98BFAC-A65D-3026-9554-0DFB66D6E25E} = {7F242CAC-BE23-3377-9D1C-B8EBA5F12393}
		{1BCCDDAC-7741-33EE-A038-E4CECC91F698} = {7F242CAC-BE23-3377-9D1C-B8EBA5F12393}
		{C2EF94FB-F91A-3FE0-9B34-2C6B24D8399D} = {7F242CAC-BE23-3377-9D1C-B8EBA5F12393}
		{545DB601-7D46-3BC6-BF0C-52E63E30C445} = {7F242CAC-BE23-3377-9D1C-B8EBA5F12393}
		{6BDEAB18-7CB4-38E7-B50D-087680FF42E0} = {7F242CAC-BE23-3377-9D1C-B8EBA5F12393}
		{AFEDC60F-958B-3C88-AEC4-1A2077BEAA6E} = {7F242CAC-BE23-3377-9D1C-B8EBA5F12393}
		{6E38497B-E968-357B-BEE7-B55ABB852730} = {5E2739A5-6958-35CE-A40A-BBCA3A3F5F99}
		{F233D6FD-44F5-3389-A641-C4B0F7466829} = {5E2739A5-6958-35CE-A40A-BBCA3A3F5F99}
		{20CFAB9B-D285-3D46-8791-2F408C45937B} = {5E2739A5-6958-35CE-A40A-BBCA3A3F5F99}
		{B469CFA1-515D-3043-8AD9-0664BC323089} = {5E2739A5-6958-35CE-A40A-BBCA3A3F5F99}
		{E6F9E89F-4F26-3120-A2BE-DCB6D809D95F} = {5E2739A5-6958-35CE-A40A-BBCA3A3F5F99}
		{5CDD18D0-2FD8-3B6F-89A9-0AE5724CF346} = {5E2739A5-6958-35CE-A40A-BBCA3A3F5F99}
		{BD66CD10-130F-3FDC-AD79-543AEBB51ED1} = {5E2739A5-6958-35CE-A40A-BBCA3A3F5F99}
		{0891E1C9-1FCB-3EA5-9FA9-D1F799D35A38} = {5E2739A5-6958-35CE-A40A-BBCA3A3F5F99}
		{D1645310-3EFC-3234-8986-DEC548218AA9} = {5E2739A5-6958-35CE-A40A-BBCA3A3F5F99}
		{86F87BD6-311C-3C27-BEED-5E47F4B0A398} = {5E2739A5-6958-35CE-A40A-BBCA3A3F5F99}
		{16B0CFB0-74EA-3895-A0D9-FFFACD2C2044} = {5E2739A5-6958-35CE-A40A-BBCA3A3F5F99}
		{94D9B58C-D331-3B48-B2D2-64C38DF5A839} = {5E2739A5-6958-35CE-A40A-BBCA3A3F5F99}
		{453E3A49-CB6B-3329-8C0B-70E544ED6750} = {5E2739A5-6958-35CE-A40A-BBCA3A3F5F99}
		{08776F2A-FDDC-36E3-9CF1-5F520DDE77F2} = {5E2739A5-6958-35CE-A40A-BBCA3A3F5F99}
		{163FB5CA-E979-3F35-A19C-7E9A6A01A72F} = {5E2739A5-6958-35CE-A40A-BBCA3A3F5F99}
		{BEB98A92-458B-3F83-B95C-3E6BFA046A6D} = {5E2739A5-6958-35CE-A40A-BBCA3A3F5F99}
		{4BE21276-03C7-33B7-BCF1-19ADF24732C3} = {5E2739A5-6958-35CE-A40A-BBCA3A3F5F99}
		{5B82C22B-3E1C-3DBD-BF2C-B97B5675BBC2} = {5E2739A5-6958-35CE-A40A-BBCA3A3F5F99}
		{A28D7B3A-5A2F-37C3-AC53-1FAF6A26BC81} = {5E2739A5-6958-35CE-A40A-BBCA3A3F5F99}
		{05F533C6-A717-39FD-BB7E-5923C21A8146} = {5E2739A5-6958-35CE-A40A-BBCA3A3F5F99}
	EndGlobalSection
	GlobalSection(ExtensibilityGlobals) = postSolution
		SolutionGuid = {75F7860A-39B1-3775-852A-4769BDB5F052}
	EndGlobalSection
	GlobalSection(ExtensibilityAddIns) = postSolution
	EndGlobalSection
EndGlobal
